// !$*UTF8*$!
{
	archiveVersion = 1;
	classes = {
	};
	objectVersion = 50;
	objects = {

/* Begin PBXBuildFile section */
		1F16838725A5F01000EF0C5C /* AppDelegate.swift in Sources */ = {isa = PBXBuildFile; fileRef = 1F16838625A5F01000EF0C5C /* AppDelegate.swift */; };
		1F16838925A5F01000EF0C5C /* SceneDelegate.swift in Sources */ = {isa = PBXBuildFile; fileRef = 1F16838825A5F01000EF0C5C /* SceneDelegate.swift */; };
		1F16838E25A5F01000EF0C5C /* Main.storyboard in Resources */ = {isa = PBXBuildFile; fileRef = 1F16838C25A5F01000EF0C5C /* Main.storyboard */; };
		1F16839325A5F01100EF0C5C /* LaunchScreen.storyboard in Resources */ = {isa = PBXBuildFile; fileRef = 1F16839125A5F01100EF0C5C /* LaunchScreen.storyboard */; };
		1F1683A225A5F31C00EF0C5C /* TableTableViewController.swift in Sources */ = {isa = PBXBuildFile; fileRef = 1F1683A125A5F31C00EF0C5C /* TableTableViewController.swift */; };
		1F1683A525A5F37200EF0C5C /* Model.swift in Sources */ = {isa = PBXBuildFile; fileRef = 1F1683A425A5F37200EF0C5C /* Model.swift */; };
		1FF90A4725B336D700136DA9 /* Assets.xcassets in Resources */ = {isa = PBXBuildFile; fileRef = 1FF90A4625B336D700136DA9 /* Assets.xcassets */; };
/* End PBXBuildFile section */

/* Begin PBXFileReference section */
		1F16838325A5F01000EF0C5C /* OuroToDoList.app */ = {isa = PBXFileReference; explicitFileType = wrapper.application; includeInIndex = 0; path = OuroToDoList.app; sourceTree = BUILT_PRODUCTS_DIR; };
		1F16838625A5F01000EF0C5C /* AppDelegate.swift */ = {isa = PBXFileReference; lastKnownFileType = sourcecode.swift; path = AppDelegate.swift; sourceTree = "<group>"; };
		1F16838825A5F01000EF0C5C /* SceneDelegate.swift */ = {isa = PBXFileReference; lastKnownFileType = sourcecode.swift; path = SceneDelegate.swift; sourceTree = "<group>"; };
		1F16838D25A5F01000EF0C5C /* Base */ = {isa = PBXFileReference; lastKnownFileType = file.storyboard; name = Base; path = Base.lproj/Main.storyboard; sourceTree = "<group>"; };
		1F16839225A5F01100EF0C5C /* Base */ = {isa = PBXFileReference; lastKnownFileType = file.storyboard; name = Base; path = Base.lproj/LaunchScreen.storyboard; sourceTree = "<group>"; };
		1F16839425A5F01100EF0C5C /* Info.plist */ = {isa = PBXFileReference; lastKnownFileType = text.plist.xml; path = Info.plist; sourceTree = "<group>"; };
		1F1683A125A5F31C00EF0C5C /* TableTableViewController.swift */ = {isa = PBXFileReference; lastKnownFileType = sourcecode.swift; path = TableTableViewController.swift; sourceTree = "<group>"; };
		1F1683A425A5F37200EF0C5C /* Model.swift */ = {isa = PBXFileReference; lastKnownFileType = sourcecode.swift; path = Model.swift; sourceTree = "<group>"; };
		1FF90A4625B336D700136DA9 /* Assets.xcassets */ = {isa = PBXFileReference; lastKnownFileType = folder.assetcatalog; path = Assets.xcassets; sourceTree = "<group>"; };
/* End PBXFileReference section */

/* Begin PBXFrameworksBuildPhase section */
		1F16838025A5F01000EF0C5C /* Frameworks */ = {
			isa = PBXFrameworksBuildPhase;
			buildActionMask = 2147483647;
			files = (
			);
			runOnlyForDeploymentPostprocessing = 0;
		};
/* End PBXFrameworksBuildPhase section */

/* Begin PBXGroup section */
		1F16837A25A5F01000EF0C5C = {
			isa = PBXGroup;
			children = (
				1F16838525A5F01000EF0C5C /* OuroToDoList */,
				1F16838425A5F01000EF0C5C /* Products */,
			);
			sourceTree = "<group>";
		};
		1F16838425A5F01000EF0C5C /* Products */ = {
			isa = PBXGroup;
			children = (
				1F16838325A5F01000EF0C5C /* OuroToDoList.app */,
			);
			name = Products;
			sourceTree = "<group>";
		};
		1F16838525A5F01000EF0C5C /* OuroToDoList */ = {
			isa = PBXGroup;
			children = (
				1F1683A125A5F31C00EF0C5C /* TableTableViewController.swift */,
				1F1683A425A5F37200EF0C5C /* Model.swift */,
				1F16838C25A5F01000EF0C5C /* Main.storyboard */,
				1FF90A4625B336D700136DA9 /* Assets.xcassets */,
				1F16838625A5F01000EF0C5C /* AppDelegate.swift */,
				1F16838825A5F01000EF0C5C /* SceneDelegate.swift */,
				1F16839125A5F01100EF0C5C /* LaunchScreen.storyboard */,
				1F16839425A5F01100EF0C5C /* Info.plist */,
			);
			path = OuroToDoList;
			sourceTree = "<group>";
		};
/* End PBXGroup section */

/* Begin PBXNativeTarget section */
		1F16838225A5F01000EF0C5C /* OuroToDoList */ = {
			isa = PBXNativeTarget;
			buildConfigurationList = 1F16839725A5F01100EF0C5C /* Build configuration list for PBXNativeTarget "OuroToDoList" */;
			buildPhases = (
				1F16837F25A5F01000EF0C5C /* Sources */,
				1F16838025A5F01000EF0C5C /* Frameworks */,
				1F16838125A5F01000EF0C5C /* Resources */,
			);
			buildRules = (
			);
			dependencies = (
			);
			name = OuroToDoList;
			productName = OuroToDoList;
			productReference = 1F16838325A5F01000EF0C5C /* OuroToDoList.app */;
			productType = "com.apple.product-type.application";
		};
/* End PBXNativeTarget section */

/* Begin PBXProject section */
		1F16837B25A5F01000EF0C5C /* Project object */ = {
			isa = PBXProject;
			attributes = {
				LastSwiftUpdateCheck = 1230;
				LastUpgradeCheck = 1230;
				TargetAttributes = {
					1F16838225A5F01000EF0C5C = {
						CreatedOnToolsVersion = 12.3;
					};
				};
			};
			buildConfigurationList = 1F16837E25A5F01000EF0C5C /* Build configuration list for PBXProject "OuroToDoList" */;
			compatibilityVersion = "Xcode 9.3";
			developmentRegion = en;
			hasScannedForEncodings = 0;
			knownRegions = (
				en,
				Base,
			);
			mainGroup = 1F16837A25A5F01000EF0C5C;
			productRefGroup = 1F16838425A5F01000EF0C5C /* Products */;
			projectDirPath = "";
			projectRoot = "";
			targets = (
				1F16838225A5F01000EF0C5C /* OuroToDoList */,
			);
		};
/* End PBXProject section */

/* Begin PBXResourcesBuildPhase section */
		1F16838125A5F01000EF0C5C /* Resources */ = {
			isa = PBXResourcesBuildPhase;
			buildActionMask = 2147483647;
			files = (
				1F16839325A5F01100EF0C5C /* LaunchScreen.storyboard in Resources */,
				1FF90A4725B336D700136DA9 /* Assets.xcassets in Resources */,
				1F16838E25A5F01000EF0C5C /* Main.storyboard in Resources */,
			);
			runOnlyForDeploymentPostprocessing = 0;
		};
/* End PBXResourcesBuildPhase section */

/* Begin PBXSourcesBuildPhase section */
		1F16837F25A5F01000EF0C5C /* Sources */ = {
			isa = PBXSourcesBuildPhase;
			buildActionMask = 2147483647;
			files = (
				1F16838725A5F01000EF0C5C /* AppDelegate.swift in Sources */,
				1F1683A225A5F31C00EF0C5C /* TableTableViewController.swift in Sources */,
				1F16838925A5F01000EF0C5C /* SceneDelegate.swift in Sources */,
				1F1683A525A5F37200EF0C5C /* Model.swift in Sources */,
			);
			runOnlyForDeploymentPostprocessing = 0;
		};
/* End PBXSourcesBuildPhase section */

/* Begin PBXVariantGroup section */
		1F16838C25A5F01000EF0C5C /* Main.storyboard */ = {
			isa = PBXVariantGroup;
			children = (
				1F16838D25A5F01000EF0C5C /* Base */,
			);
			name = Main.storyboard;
			sourceTree = "<group>";
		};
		1F16839125A5F01100EF0C5C /* LaunchScreen.storyboard */ = {
			isa = PBXVariantGroup;
			children = (
				1F16839225A5F01100EF0C5C /* Base */,
			);
			name = LaunchScreen.storyboard;
			sourceTree = "<group>";
		};
/* End PBXVariantGroup section */

/* Begin XCBuildConfiguration section */
		1F16839525A5F01100EF0C5C /* Debug */ = {
			isa = XCBuildConfiguration;
			buildSettings = {
				ALWAYS_SEARCH_USER_PATHS = NO;
				CLANG_ANALYZER_NONNULL = YES;
				CLANG_ANALYZER_NUMBER_OBJECT_CONVERSION = YES_AGGRESSIVE;
				CLANG_CXX_LANGUAGE_STANDARD = "gnu++14";
				CLANG_CXX_LIBRARY = "libc++";
				CLANG_ENABLE_MODULES = YES;
				CLANG_ENABLE_OBJC_ARC = YES;
				CLANG_ENABLE_OBJC_WEAK = YES;
				CLANG_WARN_BLOCK_CAPTURE_AUTORELEASING = YES;
				CLANG_WARN_BOOL_CONVERSION = YES;
				CLANG_WARN_COMMA = YES;
				CLANG_WARN_CONSTANT_CONVERSION = YES;
				CLANG_WARN_DEPRECATED_OBJC_IMPLEMENTATIONS = YES;
				CLANG_WARN_DIRECT_OBJC_ISA_USAGE = YES_ERROR;
				CLANG_WARN_DOCUMENTATION_COMMENTS = YES;
				CLANG_WARN_EMPTY_BODY = YES;
				CLANG_WARN_ENUM_CONVERSION = YES;
				CLANG_WARN_INFINITE_RECURSION = YES;
				CLANG_WARN_INT_CONVERSION = YES;
				CLANG_WARN_NON_LITERAL_NULL_CONVERSION = YES;
				CLANG_WARN_OBJC_IMPLICIT_RETAIN_SELF = YES;
				CLANG_WARN_OBJC_LITERAL_CONVERSION = YES;
				CLANG_WARN_OBJC_ROOT_CLASS = YES_ERROR;
				CLANG_WARN_QUOTED_INCLUDE_IN_FRAMEWORK_HEADER = YES;
				CLANG_WARN_RANGE_LOOP_ANALYSIS = YES;
				CLANG_WARN_STRICT_PROTOTYPES = YES;
				CLANG_WARN_SUSPICIOUS_MOVE = YES;
				CLANG_WARN_UNGUARDED_AVAILABILITY = YES_AGGRESSIVE;
				CLANG_WARN_UNREACHABLE_CODE = YES;
				CLANG_WARN__DUPLICATE_METHOD_MATCH = YES;
				COPY_PHASE_STRIP = NO;
				DEBUG_INFORMATION_FORMAT = dwarf;
				ENABLE_STRICT_OBJC_MSGSEND = YES;
				ENABLE_TESTABILITY = YES;
				GCC_C_LANGUAGE_STANDARD = gnu11;
				GCC_DYNAMIC_NO_PIC = NO;
				GCC_NO_COMMON_BLOCKS = YES;
				GCC_OPTIMIZATION_LEVEL = 0;
				GCC_PREPROCESSOR_DEFINITIONS = (
					"DEBUG=1",
					"$(inherited)",
				);
				GCC_WARN_64_TO_32_BIT_CONVERSION = YES;
				GCC_WARN_ABOUT_RETURN_TYPE = YES_ERROR;
				GCC_WARN_UNDECLARED_SELECTOR = YES;
				GCC_WARN_UNINITIALIZED_AUTOS = YES_AGGRESSIVE;
				GCC_WARN_UNUSED_FUNCTION = YES;
				GCC_WARN_UNUSED_VARIABLE = YES;
				IPHONEOS_DEPLOYMENT_TARGET = 14.3;
				MTL_ENABLE_DEBUG_INFO = INCLUDE_SOURCE;
				MTL_FAST_MATH = YES;
				ONLY_ACTIVE_ARCH = YES;
				SDKROOT = iphoneos;
				SWIFT_ACTIVE_COMPILATION_CONDITIONS = DEBUG;
				SWIFT_OPTIMIZATION_LEVEL = "-Onone";
			};
			name = Debug;
		};
		1F16839625A5F01100EF0C5C /* Release */ = {
			isa = XCBuildConfiguration;
			buildSettings = {
				ALWAYS_SEARCH_USER_PATHS = NO;
				CLANG_ANALYZER_NONNULL = YES;
				CLANG_ANALYZER_NUMBER_OBJECT_CONVERSION = YES_AGGRESSIVE;
				CLANG_CXX_LANGUAGE_STANDARD = "gnu++14";
				CLANG_CXX_LIBRARY = "libc++";
				CLANG_ENABLE_MODULES = YES;
				CLANG_ENABLE_OBJC_ARC = YES;
				CLANG_ENABLE_OBJC_WEAK = YES;
				CLANG_WARN_BLOCK_CAPTURE_AUTORELEASING = YES;
				CLANG_WARN_BOOL_CONVERSION = YES;
				CLANG_WARN_COMMA = YES;
				CLANG_WARN_CONSTANT_CONVERSION = YES;
				CLANG_WARN_DEPRECATED_OBJC_IMPLEMENTATIONS = YES;
				CLANG_WARN_DIRECT_OBJC_ISA_USAGE = YES_ERROR;
				CLANG_WARN_DOCUMENTATION_COMMENTS = YES;
				CLANG_WARN_EMPTY_BODY = YES;
				CLANG_WARN_ENUM_CONVERSION = YES;
				CLANG_WARN_INFINITE_RECURSION = YES;
				CLANG_WARN_INT_CONVERSION = YES;
				CLANG_WARN_NON_LITERAL_NULL_CONVERSION = YES;
				CLANG_WARN_OBJC_IMPLICIT_RETAIN_SELF = YES;
				CLANG_WARN_OBJC_LITERAL_CONVERSION = YES;
				CLANG_WARN_OBJC_ROOT_CLASS = YES_ERROR;
				CLANG_WARN_QUOTED_INCLUDE_IN_FRAMEWORK_HEADER = YES;
				CLANG_WARN_RANGE_LOOP_ANALYSIS = YES;
				CLANG_WARN_STRICT_PROTOTYPES = YES;
				CLANG_WARN_SUSPICIOUS_MOVE = YES;
				CLANG_WARN_UNGUARDED_AVAILABILITY = YES_AGGRESSIVE;
				CLANG_WARN_UNREACHABLE_CODE = YES;
				CLANG_WARN__DUPLICATE_METHOD_MATCH = YES;
				COPY_PHASE_STRIP = NO;
				DEBUG_INFORMATION_FORMAT = "dwarf-with-dsym";
				ENABLE_NS_ASSERTIONS = NO;
				ENABLE_STRICT_OBJC_MSGSEND = YES;
				GCC_C_LANGUAGE_STANDARD = gnu11;
				GCC_NO_COMMON_BLOCKS = YES;
				GCC_WARN_64_TO_32_BIT_CONVERSION = YES;
				GCC_WARN_ABOUT_RETURN_TYPE = YES_ERROR;
				GCC_WARN_UNDECLARED_SELECTOR = YES;
				GCC_WARN_UNINITIALIZED_AUTOS = YES_AGGRESSIVE;
				GCC_WARN_UNUSED_FUNCTION = YES;
				GCC_WARN_UNUSED_VARIABLE = YES;
				IPHONEOS_DEPLOYMENT_TARGET = 14.3;
				MTL_ENABLE_DEBUG_INFO = NO;
				MTL_FAST_MATH = YES;
				SDKROOT = iphoneos;
				SWIFT_COMPILATION_MODE = wholemodule;
				SWIFT_OPTIMIZATION_LEVEL = "-O";
				VALIDATE_PRODUCT = YES;
			};
			name = Release;
		};
		1F16839825A5F01100EF0C5C /* Debug */ = {
			isa = XCBuildConfiguration;
			buildSettings = {
				ASSETCATALOG_COMPILER_APPICON_NAME = AppIcon;
				ASSETCATALOG_COMPILER_GLOBAL_ACCENT_COLOR_NAME = AccentColor;
				CODE_SIGN_STYLE = Automatic;
				DEVELOPMENT_TEAM = 67QQ5H3P35;
				INFOPLIST_FILE = OuroToDoList/Info.plist;
				IPHONEOS_DEPLOYMENT_TARGET = 14.0;
				LD_RUNPATH_SEARCH_PATHS = (
					"$(inherited)",
					"@executable_path/Frameworks",
				);
				PRODUCT_BUNDLE_IDENTIFIER = ouro.ToDoList.OuroToDoList;
				PRODUCT_NAME = "$(TARGET_NAME)";
				SWIFT_VERSION = 5.0;
				TARGETED_DEVICE_FAMILY = 1;
			};
			name = Debug;
		};
		1F16839925A5F01100EF0C5C /* Release */ = {
			isa = XCBuildConfiguration;
			buildSettings = {
				ASSETCATALOG_COMPILER_APPICON_NAME = AppIcon;
				ASSETCATALOG_COMPILER_GLOBAL_ACCENT_COLOR_NAME = AccentColor;
				CODE_SIGN_STYLE = Automatic;
				DEVELOPMENT_TEAM = 67QQ5H3P35;
				INFOPLIST_FILE = OuroToDoList/Info.plist;
				IPHONEOS_DEPLOYMENT_TARGET = 14.0;
				LD_RUNPATH_SEARCH_PATHS = (
					"$(inherited)",
					"@executable_path/Frameworks",
				);
				PRODUCT_BUNDLE_IDENTIFIER = ouro.ToDoList.OuroToDoList;
				PRODUCT_NAME = "$(TARGET_NAME)";
				SWIFT_VERSION = 5.0;
				TARGETED_DEVICE_FAMILY = 1;
			};
			name = Release;
		};
/* End XCBuildConfiguration section */

/* Begin XCConfigurationList section */
		1F16837E25A5F01000EF0C5C /* Build configuration list for PBXProject "OuroToDoList" */ = {
			isa = XCConfigurationList;
			buildConfigurations = (
				1F16839525A5F01100EF0C5C /* Debug */,
				1F16839625A5F01100EF0C5C /* Release */,
			);
			defaultConfigurationIsVisible = 0;
			defaultConfigurationName = Release;
		};
		1F16839725A5F01100EF0C5C /* Build configuration list for PBXNativeTarget "OuroToDoList" */ = {
			isa = XCConfigurationList;
			buildConfigurations = (
				1F16839825A5F01100EF0C5C /* Debug */,
				1F16839925A5F01100EF0C5C /* Release */,
			);
			defaultConfigurationIsVisible = 0;
			defaultConfigurationName = Release;
		};
/* End XCConfigurationList section */
	};
	rootObject = 1F16837B25A5F01000EF0C5C /* Project object */;
}
